
Microsoft Visual Studio Solution File, Format Version 12.00
# Visual Studio Version 16
VisualStudioVersion = 16.0.30503.244
MinimumVisualStudioVersion = 10.0.40219.1
Project("{FAE04EC0-301F-11D3-BF4B-00C04F79EFBC}") = "ConsoleApplication", "ConsoleApplication\ConsoleApplication.csproj", "{BEF3B311-18AA-41F5-8801-97AAB1C9CFD6}"
EndProject
Global
	GlobalSection(SolutionConfigurationPlatforms) = preSolution
		Debug|Any CPU = Debug|Any CPU
		Release|Any CPU = Release|Any CPU
	EndGlobalSection
	GlobalSection(ProjectConfigurationPlatforms) = postSolution
		{BEF3B311-18AA-41F5-8801-97AAB1C9CFD6}.Debug|Any CPU.ActiveCfg = Debug|Any CPU
		{BEF3B311-18AA-41F5-8801-97AAB1C9CFD6}.Debug|Any CPU.Build.0 = Debug|Any CPU
		{BEF3B311-18AA-41F5-8801-97AAB1C9CFD6}.Release|Any CPU.ActiveCfg = Release|Any CPU
		{BEF3B311-18AA-41F5-8801-97AAB1C9CFD6}.Release|Any CPU.Build.0 = Release|Any CPU
	EndGlobalSection
	GlobalSection(SolutionProperties) = preSolution
		HideSolutionNode = FALSE
	EndGlobalSection
	GlobalSection(ExtensibilityGlobals) = postSolution
		SolutionGuid = {6ED3A7B9-FDC5-49C3-8FC5-942A05C5D3C9}
	EndGlobalSection
EndGlobal
