
Microsoft Visual Studio Solution File, Format Version 12.00
# Visual Studio Version 16
VisualStudioVersion = 16.0.30717.126
MinimumVisualStudioVersion = 10.0.40219.1
Project("{FAE04EC0-301F-11D3-BF4B-00C04F79EFBC}") = "Notes.Android", "Notes.Android\Notes.Android.csproj", "{82D5A49B-E5E2-46AC-A79B-8673AFE22756}"
EndProject
Project("{FAE04EC0-301F-11D3-BF4B-00C04F79EFBC}") = "Notes.iOS", "Notes.iOS\Notes.iOS.csproj", "{0336D102-2BB0-4AA0-B5D4-3F41D560AF8D}"
EndProject
Project("{FAE04EC0-301F-11D3-BF4B-00C04F79EFBC}") = "Notes", "Notes\Notes.csproj", "{1878B239-7D3C-4B72-9CA2-69832672935A}"
EndProject
Global
	GlobalSection(SolutionConfigurationPlatforms) = preSolution
		Debug|Any CPU = Debug|Any CPU
		Debug|iPhone = Debug|iPhone
		Debug|iPhoneSimulator = Debug|iPhoneSimulator
		Release|Any CPU = Release|Any CPU
		Release|iPhone = Release|iPhone
		Release|iPhoneSimulator = Release|iPhoneSimulator
	EndGlobalSection
	GlobalSection(ProjectConfigurationPlatforms) = postSolution
		{82D5A49B-E5E2-46AC-A79B-8673AFE22756}.Debug|Any CPU.ActiveCfg = Debug|Any CPU
		{82D5A49B-E5E2-46AC-A79B-8673AFE22756}.Debug|Any CPU.Build.0 = Debug|Any CPU
		{82D5A49B-E5E2-46AC-A79B-8673AFE22756}.Debug|Any CPU.Deploy.0 = Debug|Any CPU
		{82D5A49B-E5E2-46AC-A79B-8673AFE22756}.Debug|iPhone.ActiveCfg = Debug|Any CPU
		{82D5A49B-E5E2-46AC-A79B-8673AFE22756}.Debug|iPhone.Build.0 = Debug|Any CPU
		{82D5A49B-E5E2-46AC-A79B-8673AFE22756}.Debug|iPhone.Deploy.0 = Debug|Any CPU
		{82D5A49B-E5E2-46AC-A79B-8673AFE22756}.Debug|iPhoneSimulator.ActiveCfg = Debug|Any CPU
		{82D5A49B-E5E2-46AC-A79B-8673AFE22756}.Debug|iPhoneSimulator.Build.0 = Debug|Any CPU
		{82D5A49B-E5E2-46AC-A79B-8673AFE22756}.Debug|iPhoneSimulator.Deploy.0 = Debug|Any CPU
		{82D5A49B-E5E2-46AC-A79B-8673AFE22756}.Release|Any CPU.ActiveCfg = Release|Any CPU
		{82D5A49B-E5E2-46AC-A79B-8673AFE22756}.Release|Any CPU.Build.0 = Release|Any CPU
		{82D5A49B-E5E2-46AC-A79B-8673AFE22756}.Release|Any CPU.Deploy.0 = Release|Any CPU
		{82D5A49B-E5E2-46AC-A79B-8673AFE22756}.Release|iPhone.ActiveCfg = Release|Any CPU
		{82D5A49B-E5E2-46AC-A79B-8673AFE22756}.Release|iPhone.Build.0 = Release|Any CPU
		{82D5A49B-E5E2-46AC-A79B-8673AFE22756}.Release|iPhone.Deploy.0 = Release|Any CPU
		{82D5A49B-E5E2-46AC-A79B-8673AFE22756}.Release|iPhoneSimulator.ActiveCfg = Release|Any CPU
		{82D5A49B-E5E2-46AC-A79B-8673AFE22756}.Release|iPhoneSimulator.Build.0 = Release|Any CPU
		{82D5A49B-E5E2-46AC-A79B-8673AFE22756}.Release|iPhoneSimulator.Deploy.0 = Release|Any CPU
		{0336D102-2BB0-4AA0-B5D4-3F41D560AF8D}.Debug|Any CPU.ActiveCfg = Debug|iPhone
		{0336D102-2BB0-4AA0-B5D4-3F41D560AF8D}.Debug|Any CPU.Build.0 = Debug|iPhone
		{0336D102-2BB0-4AA0-B5D4-3F41D560AF8D}.Debug|Any CPU.Deploy.0 = Debug|iPhone
		{0336D102-2BB0-4AA0-B5D4-3F41D560AF8D}.Debug|iPhone.ActiveCfg = Debug|iPhone
		{0336D102-2BB0-4AA0-B5D4-3F41D560AF8D}.Debug|iPhone.Build.0 = Debug|iPhone
		{0336D102-2BB0-4AA0-B5D4-3F41D560AF8D}.Debug|iPhone.Deploy.0 = Debug|iPhone
		{0336D102-2BB0-4AA0-B5D4-3F41D560AF8D}.Debug|iPhoneSimulator.ActiveCfg = Debug|iPhoneSimulator
		{0336D102-2BB0-4AA0-B5D4-3F41D560AF8D}.Debug|iPhoneSimulator.Build.0 = Debug|iPhoneSimulator
		{0336D102-2BB0-4AA0-B5D4-3F41D560AF8D}.Debug|iPhoneSimulator.Deploy.0 = Debug|iPhoneSimulator
		{0336D102-2BB0-4AA0-B5D4-3F41D560AF8D}.Release|Any CPU.ActiveCfg = Release|iPhoneSimulator
		{0336D102-2BB0-4AA0-B5D4-3F41D560AF8D}.Release|Any CPU.Build.0 = Release|iPhoneSimulator
		{0336D102-2BB0-4AA0-B5D4-3F41D560AF8D}.Release|Any CPU.Deploy.0 = Release|iPhoneSimulator
		{0336D102-2BB0-4AA0-B5D4-3F41D560AF8D}.Release|iPhone.ActiveCfg = Release|iPhone
		{0336D102-2BB0-4AA0-B5D4-3F41D560AF8D}.Release|iPhone.Build.0 = Release|iPhone
		{0336D102-2BB0-4AA0-B5D4-3F41D560AF8D}.Release|iPhone.Deploy.0 = Release|iPhone
		{0336D102-2BB0-4AA0-B5D4-3F41D560AF8D}.Release|iPhoneSimulator.ActiveCfg = Release|iPhoneSimulator
		{0336D102-2BB0-4AA0-B5D4-3F41D560AF8D}.Release|iPhoneSimulator.Build.0 = Release|iPhoneSimulator
		{0336D102-2BB0-4AA0-B5D4-3F41D560AF8D}.Release|iPhoneSimulator.Deploy.0 = Release|iPhoneSimulator
		{1878B239-7D3C-4B72-9CA2-69832672935A}.Debug|Any CPU.ActiveCfg = Debug|Any CPU
		{1878B239-7D3C-4B72-9CA2-69832672935A}.Debug|Any CPU.Build.0 = Debug|Any CPU
		{1878B239-7D3C-4B72-9CA2-69832672935A}.Debug|Any CPU.Deploy.0 = Debug|Any CPU
		{1878B239-7D3C-4B72-9CA2-69832672935A}.Debug|iPhone.ActiveCfg = Debug|Any CPU
		{1878B239-7D3C-4B72-9CA2-69832672935A}.Debug|iPhone.Build.0 = Debug|Any CPU
		{1878B239-7D3C-4B72-9CA2-69832672935A}.Debug|iPhone.Deploy.0 = Debug|Any CPU
		{1878B239-7D3C-4B72-9CA2-69832672935A}.Debug|iPhoneSimulator.ActiveCfg = Debug|Any CPU
		{1878B239-7D3C-4B72-9CA2-69832672935A}.Debug|iPhoneSimulator.Build.0 = Debug|Any CPU
		{1878B239-7D3C-4B72-9CA2-69832672935A}.Debug|iPhoneSimulator.Deploy.0 = Debug|Any CPU
		{1878B239-7D3C-4B72-9CA2-69832672935A}.Release|Any CPU.ActiveCfg = Release|Any CPU
		{1878B239-7D3C-4B72-9CA2-69832672935A}.Release|Any CPU.Build.0 = Release|Any CPU
		{1878B239-7D3C-4B72-9CA2-69832672935A}.Release|Any CPU.Deploy.0 = Release|Any CPU
		{1878B239-7D3C-4B72-9CA2-69832672935A}.Release|iPhone.ActiveCfg = Release|Any CPU
		{1878B239-7D3C-4B72-9CA2-69832672935A}.Release|iPhone.Build.0 = Release|Any CPU
		{1878B239-7D3C-4B72-9CA2-69832672935A}.Release|iPhone.Deploy.0 = Release|Any CPU
		{1878B239-7D3C-4B72-9CA2-69832672935A}.Release|iPhoneSimulator.ActiveCfg = Release|Any CPU
		{1878B239-7D3C-4B72-9CA2-69832672935A}.Release|iPhoneSimulator.Build.0 = Release|Any CPU
		{1878B239-7D3C-4B72-9CA2-69832672935A}.Release|iPhoneSimulator.Deploy.0 = Release|Any CPU
	EndGlobalSection
	GlobalSection(SolutionProperties) = preSolution
		HideSolutionNode = FALSE
	EndGlobalSection
	GlobalSection(ExtensibilityGlobals) = postSolution
		SolutionGuid = {E239B4EE-C5B8-4F56-9D56-A606436BEB2B}
	EndGlobalSection
EndGlobal
